
Microsoft Visual Studio Solution File, Format Version 11.00
# Visual Studio 2010
Project("{FAE04EC0-301F-11D3-BF4B-00C04F79EFBC}") = "Restarent", "Restarent\Restarent.csproj", "{DEDD8E8E-4E1F-4197-9616-03266ACCCB2E}"
EndProject
Project("{54435603-DBB4-11D2-8724-00A0C9A8B90C}") = "Restaurant", "..\..\Setup\Restaurant\Restaurant.vdproj", "{6C06BB1C-E6BF-486F-8147-B998539A1F53}"
EndProject
Global
	GlobalSection(SolutionConfigurationPlatforms) = preSolution
		Debug|x86 = Debug|x86
		Release|x86 = Release|x86
	EndGlobalSection
	GlobalSection(ProjectConfigurationPlatforms) = postSolution
		{DEDD8E8E-4E1F-4197-9616-03266ACCCB2E}.Debug|x86.ActiveCfg = Debug|x86
		{DEDD8E8E-4E1F-4197-9616-03266ACCCB2E}.Debug|x86.Build.0 = Debug|x86
		{DEDD8E8E-4E1F-4197-9616-03266ACCCB2E}.Release|x86.ActiveCfg = Release|x86
		{DEDD8E8E-4E1F-4197-9616-03266ACCCB2E}.Release|x86.Build.0 = Release|x86
		{6C06BB1C-E6BF-486F-8147-B998539A1F53}.Debug|x86.ActiveCfg = Debug
		{6C06BB1C-E6BF-486F-8147-B998539A1F53}.Release|x86.ActiveCfg = Release
	EndGlobalSection
	GlobalSection(SolutionProperties) = preSolution
		HideSolutionNode = FALSE
	EndGlobalSection
EndGlobal
